
Microsoft Visual Studio Solution File, Format Version 12.00
# Visual Studio Version 17
VisualStudioVersion = 17.5.33424.131
MinimumVisualStudioVersion = 10.0.40219.1
Project("{9A19103F-16F7-4668-BE54-9A1E7A4F7556}") = "AstronomyPictureOfTheDayWallpaperApp", "AstronomyPictureOfTheDayWallpaperApp\AstronomyPictureOfTheDayWallpaperApp.csproj", "{E9519CD1-F334-475D-A2C4-31A6DEA7B89B}"
EndProject
Project("{FAE04EC0-301F-11D3-BF4B-00C04F79EFBC}") = "AutomaticAPOD", "..\..\..\Desktop\Nova_slozka\csharpvscode\automaticAPOD\AutomaticAPOD.csproj", "{0A81FE99-1108-4737-97DD-D7A9F85581AB}"
EndProject
Project("{9A19103F-16F7-4668-BE54-9A1E7A4F7556}") = "APODwallpaperTester", "..\APODwallpaperTester\APODwallpaperTester\APODwallpaperTester.csproj", "{8AC461EA-477E-4364-B693-58D0623401E0}"
EndProject
Global
	GlobalSection(SolutionConfigurationPlatforms) = preSolution
		Debug|Any CPU = Debug|Any CPU
		Release|Any CPU = Release|Any CPU
	EndGlobalSection
	GlobalSection(ProjectConfigurationPlatforms) = postSolution
		{E9519CD1-F334-475D-A2C4-31A6DEA7B89B}.Debug|Any CPU.ActiveCfg = Debug|Any CPU
		{E9519CD1-F334-475D-A2C4-31A6DEA7B89B}.Debug|Any CPU.Build.0 = Debug|Any CPU
		{E9519CD1-F334-475D-A2C4-31A6DEA7B89B}.Release|Any CPU.ActiveCfg = Release|Any CPU
		{E9519CD1-F334-475D-A2C4-31A6DEA7B89B}.Release|Any CPU.Build.0 = Release|Any CPU
		{0A81FE99-1108-4737-97DD-D7A9F85581AB}.Debug|Any CPU.ActiveCfg = Debug|Any CPU
		{0A81FE99-1108-4737-97DD-D7A9F85581AB}.Debug|Any CPU.Build.0 = Debug|Any CPU
		{0A81FE99-1108-4737-97DD-D7A9F85581AB}.Release|Any CPU.ActiveCfg = Release|Any CPU
		{0A81FE99-1108-4737-97DD-D7A9F85581AB}.Release|Any CPU.Build.0 = Release|Any CPU
		{8AC461EA-477E-4364-B693-58D0623401E0}.Debug|Any CPU.ActiveCfg = Debug|Any CPU
		{8AC461EA-477E-4364-B693-58D0623401E0}.Debug|Any CPU.Build.0 = Debug|Any CPU
		{8AC461EA-477E-4364-B693-58D0623401E0}.Release|Any CPU.ActiveCfg = Release|Any CPU
		{8AC461EA-477E-4364-B693-58D0623401E0}.Release|Any CPU.Build.0 = Release|Any CPU
	EndGlobalSection
	GlobalSection(SolutionProperties) = preSolution
		HideSolutionNode = FALSE
	EndGlobalSection
	GlobalSection(ExtensibilityGlobals) = postSolution
		SolutionGuid = {42D02504-034B-457A-A15C-3D19A88202BF}
	EndGlobalSection
EndGlobal
